{
  "name": "test-gesture",
  "version": "1.0.0",
  "lockfileVersion": 3,
  "requires": true,
  "packages": {
    "": {
      "name": "test-gesture",
      "version": "1.0.0",
      "license": "ISC",
      "dependencies": {
        "@tech-zjf/gesture-js": "^1.0.0"
      }
    },
    "node_modules/@tech-zjf/gesture-js": {
      "version": "1.0.0",
      "resolved": "https://registry.npmjs.org/@tech-zjf/gesture-js/-/gesture-js-1.0.0.tgz",
      "integrity": "sha512-PNK0XR0vYQrbSjG3Oyo0Q/yKIerZfwdedVN5r0M2L304GfnsvGi3POd7qyYYUoVkv6fsGwZ3OqAeI+vrtqDalw=="
    }
  }
}
