{
    "name": "test-gesture",
    "version": "1.0.0",
    "lockfileVersion": 3,
    "requires": true,
    "packages": {
        "": {
            "name": "test-gesture",
            "version": "1.0.0",
            "license": "ISC",
            "dependencies": {
                "@tech-zjf/gesture-js": "1.0.1"
            }
        },
        "node_modules/@tech-zjf/gesture-js": {
            "version": "1.0.1",
            "resolved": "https://registry.npmjs.org/@tech-zjf/gesture-js/-/gesture-js-1.0.1.tgz",
            "integrity": "sha512-a4b4KF8nUT2kDJu3q+Fq24yiEE6QVN2WrpiEP2z7zQu/GNQZCeODrrYi4/q0rEx0NCSbtguud8oMZbIrrBD6eA=="
        }
    }
}
